
Microsoft Visual Studio Solution File, Format Version 12.00
# Visual Studio Version 16
VisualStudioVersion = 16.0.30907.101
MinimumVisualStudioVersion = 10.0.40219.1
Project("{8BC9CEB8-8B4A-11D0-8D11-00A0C91BC942}") = "28 C++动态内存", "28 C++动态内存\28 C++动态内存.vcxproj", "{FCAD2515-1B1F-4842-B71D-89136117AA61}"
EndProject
Global
	GlobalSection(SolutionConfigurationPlatforms) = preSolution
		Debug|x64 = Debug|x64
		Debug|x86 = Debug|x86
		Release|x64 = Release|x64
		Release|x86 = Release|x86
	EndGlobalSection
	GlobalSection(ProjectConfigurationPlatforms) = postSolution
		{FCAD2515-1B1F-4842-B71D-89136117AA61}.Debug|x64.ActiveCfg = Debug|x64
		{FCAD2515-1B1F-4842-B71D-89136117AA61}.Debug|x64.Build.0 = Debug|x64
		{FCAD2515-1B1F-4842-B71D-89136117AA61}.Debug|x86.ActiveCfg = Debug|Win32
		{FCAD2515-1B1F-4842-B71D-89136117AA61}.Debug|x86.Build.0 = Debug|Win32
		{FCAD2515-1B1F-4842-B71D-89136117AA61}.Release|x64.ActiveCfg = Release|x64
		{FCAD2515-1B1F-4842-B71D-89136117AA61}.Release|x64.Build.0 = Release|x64
		{FCAD2515-1B1F-4842-B71D-89136117AA61}.Release|x86.ActiveCfg = Release|Win32
		{FCAD2515-1B1F-4842-B71D-89136117AA61}.Release|x86.Build.0 = Release|Win32
	EndGlobalSection
	GlobalSection(SolutionProperties) = preSolution
		HideSolutionNode = FALSE
	EndGlobalSection
	GlobalSection(ExtensibilityGlobals) = postSolution
		SolutionGuid = {A3F70C65-9E47-4E45-B420-00DACD3701CF}
	EndGlobalSection
EndGlobal
